
Microsoft Visual Studio Solution File, Format Version 12.00
# Visual Studio Version 17
VisualStudioVersion = 17.1.32210.238
MinimumVisualStudioVersion = 10.0.40219.1
Project("{FAE04EC0-301F-11D3-BF4B-00C04F79EFBC}") = "TPmodul_kelompok7", "TPmodul_kelompok7.csproj", "{F4D8A58D-B0BA-4B95-857B-AB04C5CB9376}"
EndProject
Global
	GlobalSection(SolutionConfigurationPlatforms) = preSolution
		Debug|Any CPU = Debug|Any CPU
		Release|Any CPU = Release|Any CPU
	EndGlobalSection
	GlobalSection(ProjectConfigurationPlatforms) = postSolution
		{F4D8A58D-B0BA-4B95-857B-AB04C5CB9376}.Debug|Any CPU.ActiveCfg = Debug|Any CPU
		{F4D8A58D-B0BA-4B95-857B-AB04C5CB9376}.Debug|Any CPU.Build.0 = Debug|Any CPU
		{F4D8A58D-B0BA-4B95-857B-AB04C5CB9376}.Release|Any CPU.ActiveCfg = Release|Any CPU
		{F4D8A58D-B0BA-4B95-857B-AB04C5CB9376}.Release|Any CPU.Build.0 = Release|Any CPU
	EndGlobalSection
	GlobalSection(SolutionProperties) = preSolution
		HideSolutionNode = FALSE
	EndGlobalSection
	GlobalSection(ExtensibilityGlobals) = postSolution
		SolutionGuid = {635183A5-2DCF-4314-94F7-5E6981010C54}
	EndGlobalSection
EndGlobal
